// !$*UTF8*$!
{
	archiveVersion = 1;
	classes = {
	};
	objectVersion = 51;
	objects = {

/* Begin PBXBuildFile section */
		28E1BB0724B3D3E100BEBF84 /* AppDelegate.m in Sources */ = {isa = PBXBuildFile; fileRef = 28E1BB0624B3D3E100BEBF84 /* AppDelegate.m */; };
		28E1BB0A24B3D3E100BEBF84 /* SceneDelegate.m in Sources */ = {isa = PBXBuildFile; fileRef = 28E1BB0924B3D3E100BEBF84 /* SceneDelegate.m */; };
		28E1BB0D24B3D3E100BEBF84 /* ViewController.m in Sources */ = {isa = PBXBuildFile; fileRef = 28E1BB0C24B3D3E100BEBF84 /* ViewController.m */; };
		28E1BB1024B3D3E100BEBF84 /* Main.storyboard in Resources */ = {isa = PBXBuildFile; fileRef = 28E1BB0E24B3D3E100BEBF84 /* Main.storyboard */; };
		28E1BB1224B3D3E200BEBF84 /* Assets.xcassets in Resources */ = {isa = PBXBuildFile; fileRef = 28E1BB1124B3D3E200BEBF84 /* Assets.xcassets */; };
		28E1BB1524B3D3E200BEBF84 /* LaunchScreen.storyboard in Resources */ = {isa = PBXBuildFile; fileRef = 28E1BB1324B3D3E200BEBF84 /* LaunchScreen.storyboard */; };
		28E1BB1824B3D3E200BEBF84 /* main.m in Sources */ = {isa = PBXBuildFile; fileRef = 28E1BB1724B3D3E200BEBF84 /* main.m */; };
		28E1BB2224B3D3E200BEBF84 /* instagramAppTests.m in Sources */ = {isa = PBXBuildFile; fileRef = 28E1BB2124B3D3E200BEBF84 /* instagramAppTests.m */; };
		28E1BB2D24B3D3E200BEBF84 /* instagramAppUITests.m in Sources */ = {isa = PBXBuildFile; fileRef = 28E1BB2C24B3D3E200BEBF84 /* instagramAppUITests.m */; };
		28E1BB4024B3E3B300BEBF84 /* LoginViewController.m in Sources */ = {isa = PBXBuildFile; fileRef = 28E1BB3F24B3E3B300BEBF84 /* LoginViewController.m */; };
		44E0B1941623292469A27AFF /* Pods_instagramApp_instagramAppUITests.framework in Frameworks */ = {isa = PBXBuildFile; fileRef = F8C157E23AB77313BE474E74 /* Pods_instagramApp_instagramAppUITests.framework */; };
		AAB03BAC61E35CD2969D6A9A /* Pods_instagramApp.framework in Frameworks */ = {isa = PBXBuildFile; fileRef = 0EC89792F4D56329DC0E6951 /* Pods_instagramApp.framework */; };
		DCBC2BC648A06262A2C69354 /* Pods_instagramAppTests.framework in Frameworks */ = {isa = PBXBuildFile; fileRef = 916DBD7A57C2088E00C91A87 /* Pods_instagramAppTests.framework */; };
/* End PBXBuildFile section */

/* Begin PBXContainerItemProxy section */
		28E1BB1E24B3D3E200BEBF84 /* PBXContainerItemProxy */ = {
			isa = PBXContainerItemProxy;
			containerPortal = 28E1BAFA24B3D3E100BEBF84 /* Project object */;
			proxyType = 1;
			remoteGlobalIDString = 28E1BB0124B3D3E100BEBF84;
			remoteInfo = instagramApp;
		};
		28E1BB2924B3D3E200BEBF84 /* PBXContainerItemProxy */ = {
			isa = PBXContainerItemProxy;
			containerPortal = 28E1BAFA24B3D3E100BEBF84 /* Project object */;
			proxyType = 1;
			remoteGlobalIDString = 28E1BB0124B3D3E100BEBF84;
			remoteInfo = instagramApp;
		};
/* End PBXContainerItemProxy section */

/* Begin PBXFileReference section */
		01D6CC6BC245B27DC5EAABF8 /* Pods-instagramApp.debug.xcconfig */ = {isa = PBXFileReference; includeInIndex = 1; lastKnownFileType = text.xcconfig; name = "Pods-instagramApp.debug.xcconfig"; path = "Target Support Files/Pods-instagramApp/Pods-instagramApp.debug.xcconfig"; sourceTree = "<group>"; };
		0EC89792F4D56329DC0E6951 /* Pods_instagramApp.framework */ = {isa = PBXFileReference; explicitFileType = wrapper.framework; includeInIndex = 0; path = Pods_instagramApp.framework; sourceTree = BUILT_PRODUCTS_DIR; };
		263AC5FA8F79A838A8D436E8 /* Pods-instagramAppTests.release.xcconfig */ = {isa = PBXFileReference; includeInIndex = 1; lastKnownFileType = text.xcconfig; name = "Pods-instagramAppTests.release.xcconfig"; path = "Target Support Files/Pods-instagramAppTests/Pods-instagramAppTests.release.xcconfig"; sourceTree = "<group>"; };
		28E1BB0224B3D3E100BEBF84 /* instagramApp.app */ = {isa = PBXFileReference; explicitFileType = wrapper.application; includeInIndex = 0; path = instagramApp.app; sourceTree = BUILT_PRODUCTS_DIR; };
		28E1BB0524B3D3E100BEBF84 /* AppDelegate.h */ = {isa = PBXFileReference; lastKnownFileType = sourcecode.c.h; path = AppDelegate.h; sourceTree = "<group>"; };
		28E1BB0624B3D3E100BEBF84 /* AppDelegate.m */ = {isa = PBXFileReference; lastKnownFileType = sourcecode.c.objc; path = AppDelegate.m; sourceTree = "<group>"; };
		28E1BB0824B3D3E100BEBF84 /* SceneDelegate.h */ = {isa = PBXFileReference; lastKnownFileType = sourcecode.c.h; path = SceneDelegate.h; sourceTree = "<group>"; };
		28E1BB0924B3D3E100BEBF84 /* SceneDelegate.m */ = {isa = PBXFileReference; lastKnownFileType = sourcecode.c.objc; path = SceneDelegate.m; sourceTree = "<group>"; };
		28E1BB0B24B3D3E100BEBF84 /* ViewController.h */ = {isa = PBXFileReference; lastKnownFileType = sourcecode.c.h; path = ViewController.h; sourceTree = "<group>"; };
		28E1BB0C24B3D3E100BEBF84 /* ViewController.m */ = {isa = PBXFileReference; lastKnownFileType = sourcecode.c.objc; path = ViewController.m; sourceTree = "<group>"; };
		28E1BB0F24B3D3E100BEBF84 /* Base */ = {isa = PBXFileReference; lastKnownFileType = file.storyboard; name = Base; path = Base.lproj/Main.storyboard; sourceTree = "<group>"; };
		28E1BB1124B3D3E200BEBF84 /* Assets.xcassets */ = {isa = PBXFileReference; lastKnownFileType = folder.assetcatalog; path = Assets.xcassets; sourceTree = "<group>"; };
		28E1BB1424B3D3E200BEBF84 /* Base */ = {isa = PBXFileReference; lastKnownFileType = file.storyboard; name = Base; path = Base.lproj/LaunchScreen.storyboard; sourceTree = "<group>"; };
		28E1BB1624B3D3E200BEBF84 /* Info.plist */ = {isa = PBXFileReference; lastKnownFileType = text.plist.xml; path = Info.plist; sourceTree = "<group>"; };
		28E1BB1724B3D3E200BEBF84 /* main.m */ = {isa = PBXFileReference; lastKnownFileType = sourcecode.c.objc; path = main.m; sourceTree = "<group>"; };
		28E1BB1D24B3D3E200BEBF84 /* instagramAppTests.xctest */ = {isa = PBXFileReference; explicitFileType = wrapper.cfbundle; includeInIndex = 0; path = instagramAppTests.xctest; sourceTree = BUILT_PRODUCTS_DIR; };
		28E1BB2124B3D3E200BEBF84 /* instagramAppTests.m */ = {isa = PBXFileReference; lastKnownFileType = sourcecode.c.objc; path = instagramAppTests.m; sourceTree = "<group>"; };
		28E1BB2324B3D3E200BEBF84 /* Info.plist */ = {isa = PBXFileReference; lastKnownFileType = text.plist.xml; path = Info.plist; sourceTree = "<group>"; };
		28E1BB2824B3D3E200BEBF84 /* instagramAppUITests.xctest */ = {isa = PBXFileReference; explicitFileType = wrapper.cfbundle; includeInIndex = 0; path = instagramAppUITests.xctest; sourceTree = BUILT_PRODUCTS_DIR; };
		28E1BB2C24B3D3E200BEBF84 /* instagramAppUITests.m */ = {isa = PBXFileReference; lastKnownFileType = sourcecode.c.objc; path = instagramAppUITests.m; sourceTree = "<group>"; };
		28E1BB2E24B3D3E200BEBF84 /* Info.plist */ = {isa = PBXFileReference; lastKnownFileType = text.plist.xml; path = Info.plist; sourceTree = "<group>"; };
		28E1BB3E24B3E3B300BEBF84 /* LoginViewController.h */ = {isa = PBXFileReference; lastKnownFileType = sourcecode.c.h; path = LoginViewController.h; sourceTree = "<group>"; };
		28E1BB3F24B3E3B300BEBF84 /* LoginViewController.m */ = {isa = PBXFileReference; lastKnownFileType = sourcecode.c.objc; path = LoginViewController.m; sourceTree = "<group>"; };
		614D22033F9E997A6C2F861B /* Pods-instagramApp-instagramAppUITests.release.xcconfig */ = {isa = PBXFileReference; includeInIndex = 1; lastKnownFileType = text.xcconfig; name = "Pods-instagramApp-instagramAppUITests.release.xcconfig"; path = "Target Support Files/Pods-instagramApp-instagramAppUITests/Pods-instagramApp-instagramAppUITests.release.xcconfig"; sourceTree = "<group>"; };
		916DBD7A57C2088E00C91A87 /* Pods_instagramAppTests.framework */ = {isa = PBXFileReference; explicitFileType = wrapper.framework; includeInIndex = 0; path = Pods_instagramAppTests.framework; sourceTree = BUILT_PRODUCTS_DIR; };
		939F0BFE16D8AD2420054EF6 /* Pods-instagramAppTests.debug.xcconfig */ = {isa = PBXFileReference; includeInIndex = 1; lastKnownFileType = text.xcconfig; name = "Pods-instagramAppTests.debug.xcconfig"; path = "Target Support Files/Pods-instagramAppTests/Pods-instagramAppTests.debug.xcconfig"; sourceTree = "<group>"; };
		DBB68E89AB54586E9C675D1C /* Pods-instagramApp-instagramAppUITests.debug.xcconfig */ = {isa = PBXFileReference; includeInIndex = 1; lastKnownFileType = text.xcconfig; name = "Pods-instagramApp-instagramAppUITests.debug.xcconfig"; path = "Target Support Files/Pods-instagramApp-instagramAppUITests/Pods-instagramApp-instagramAppUITests.debug.xcconfig"; sourceTree = "<group>"; };
		F8C157E23AB77313BE474E74 /* Pods_instagramApp_instagramAppUITests.framework */ = {isa = PBXFileReference; explicitFileType = wrapper.framework; includeInIndex = 0; path = Pods_instagramApp_instagramAppUITests.framework; sourceTree = BUILT_PRODUCTS_DIR; };
		FC51B9D7200CAECE9509E64A /* Pods-instagramApp.release.xcconfig */ = {isa = PBXFileReference; includeInIndex = 1; lastKnownFileType = text.xcconfig; name = "Pods-instagramApp.release.xcconfig"; path = "Target Support Files/Pods-instagramApp/Pods-instagramApp.release.xcconfig"; sourceTree = "<group>"; };
/* End PBXFileReference section */

/* Begin PBXFrameworksBuildPhase section */
		28E1BAFF24B3D3E100BEBF84 /* Frameworks */ = {
			isa = PBXFrameworksBuildPhase;
			buildActionMask = 2147483647;
			files = (
				AAB03BAC61E35CD2969D6A9A /* Pods_instagramApp.framework in Frameworks */,
			);
			runOnlyForDeploymentPostprocessing = 0;
		};
		28E1BB1A24B3D3E200BEBF84 /* Frameworks */ = {
			isa = PBXFrameworksBuildPhase;
			buildActionMask = 2147483647;
			files = (
				DCBC2BC648A06262A2C69354 /* Pods_instagramAppTests.framework in Frameworks */,
			);
			runOnlyForDeploymentPostprocessing = 0;
		};
		28E1BB2524B3D3E200BEBF84 /* Frameworks */ = {
			isa = PBXFrameworksBuildPhase;
			buildActionMask = 2147483647;
			files = (
				44E0B1941623292469A27AFF /* Pods_instagramApp_instagramAppUITests.framework in Frameworks */,
			);
			runOnlyForDeploymentPostprocessing = 0;
		};
/* End PBXFrameworksBuildPhase section */

/* Begin PBXGroup section */
		28E1BAF924B3D3E100BEBF84 = {
			isa = PBXGroup;
			children = (
				28E1BB0424B3D3E100BEBF84 /* instagramApp */,
				28E1BB2024B3D3E200BEBF84 /* instagramAppTests */,
				28E1BB2B24B3D3E200BEBF84 /* instagramAppUITests */,
				28E1BB0324B3D3E100BEBF84 /* Products */,
				B9538796A25E793952C8EAF5 /* Pods */,
				3E06D38B16FE8D35F0BA8BCF /* Frameworks */,
			);
			sourceTree = "<group>";
		};
		28E1BB0324B3D3E100BEBF84 /* Products */ = {
			isa = PBXGroup;
			children = (
				28E1BB0224B3D3E100BEBF84 /* instagramApp.app */,
				28E1BB1D24B3D3E200BEBF84 /* instagramAppTests.xctest */,
				28E1BB2824B3D3E200BEBF84 /* instagramAppUITests.xctest */,
			);
			name = Products;
			sourceTree = "<group>";
		};
		28E1BB0424B3D3E100BEBF84 /* instagramApp */ = {
			isa = PBXGroup;
			children = (
				28E1BB3D24B3E34F00BEBF84 /* Views */,
				28E1BB3C24B3E33B00BEBF84 /* Models */,
				28E1BB3B24B3E33000BEBF84 /* ViewControllers */,
				28E1BB0524B3D3E100BEBF84 /* AppDelegate.h */,
				28E1BB0624B3D3E100BEBF84 /* AppDelegate.m */,
				28E1BB0824B3D3E100BEBF84 /* SceneDelegate.h */,
				28E1BB0924B3D3E100BEBF84 /* SceneDelegate.m */,
				28E1BB0B24B3D3E100BEBF84 /* ViewController.h */,
				28E1BB0C24B3D3E100BEBF84 /* ViewController.m */,
				28E1BB0E24B3D3E100BEBF84 /* Main.storyboard */,
				28E1BB1124B3D3E200BEBF84 /* Assets.xcassets */,
				28E1BB1324B3D3E200BEBF84 /* LaunchScreen.storyboard */,
				28E1BB1624B3D3E200BEBF84 /* Info.plist */,
				28E1BB1724B3D3E200BEBF84 /* main.m */,
			);
			path = instagramApp;
			sourceTree = "<group>";
		};
		28E1BB2024B3D3E200BEBF84 /* instagramAppTests */ = {
			isa = PBXGroup;
			children = (
				28E1BB2124B3D3E200BEBF84 /* instagramAppTests.m */,
				28E1BB2324B3D3E200BEBF84 /* Info.plist */,
			);
			path = instagramAppTests;
			sourceTree = "<group>";
		};
		28E1BB2B24B3D3E200BEBF84 /* instagramAppUITests */ = {
			isa = PBXGroup;
			children = (
				28E1BB2C24B3D3E200BEBF84 /* instagramAppUITests.m */,
				28E1BB2E24B3D3E200BEBF84 /* Info.plist */,
			);
			path = instagramAppUITests;
			sourceTree = "<group>";
		};
		28E1BB3B24B3E33000BEBF84 /* ViewControllers */ = {
			isa = PBXGroup;
			children = (
				28E1BB3E24B3E3B300BEBF84 /* LoginViewController.h */,
				28E1BB3F24B3E3B300BEBF84 /* LoginViewController.m */,
			);
			path = ViewControllers;
			sourceTree = "<group>";
		};
		28E1BB3C24B3E33B00BEBF84 /* Models */ = {
			isa = PBXGroup;
			children = (
			);
			path = Models;
			sourceTree = "<group>";
		};
		28E1BB3D24B3E34F00BEBF84 /* Views */ = {
			isa = PBXGroup;
			children = (
			);
			path = Views;
			sourceTree = "<group>";
		};
		3E06D38B16FE8D35F0BA8BCF /* Frameworks */ = {
			isa = PBXGroup;
			children = (
				0EC89792F4D56329DC0E6951 /* Pods_instagramApp.framework */,
				F8C157E23AB77313BE474E74 /* Pods_instagramApp_instagramAppUITests.framework */,
				916DBD7A57C2088E00C91A87 /* Pods_instagramAppTests.framework */,
			);
			name = Frameworks;
			sourceTree = "<group>";
		};
		B9538796A25E793952C8EAF5 /* Pods */ = {
			isa = PBXGroup;
			children = (
				01D6CC6BC245B27DC5EAABF8 /* Pods-instagramApp.debug.xcconfig */,
				FC51B9D7200CAECE9509E64A /* Pods-instagramApp.release.xcconfig */,
				DBB68E89AB54586E9C675D1C /* Pods-instagramApp-instagramAppUITests.debug.xcconfig */,
				614D22033F9E997A6C2F861B /* Pods-instagramApp-instagramAppUITests.release.xcconfig */,
				939F0BFE16D8AD2420054EF6 /* Pods-instagramAppTests.debug.xcconfig */,
				263AC5FA8F79A838A8D436E8 /* Pods-instagramAppTests.release.xcconfig */,
			);
			path = Pods;
			sourceTree = "<group>";
		};
/* End PBXGroup section */

/* Begin PBXNativeTarget section */
		28E1BB0124B3D3E100BEBF84 /* instagramApp */ = {
			isa = PBXNativeTarget;
			buildConfigurationList = 28E1BB3124B3D3E200BEBF84 /* Build configuration list for PBXNativeTarget "instagramApp" */;
			buildPhases = (
				17E173227CCEE7C62EF67E21 /* [CP] Check Pods Manifest.lock */,
				28E1BAFE24B3D3E100BEBF84 /* Sources */,
				28E1BAFF24B3D3E100BEBF84 /* Frameworks */,
				28E1BB0024B3D3E100BEBF84 /* Resources */,
				A0B35316E598D4887EDF692B /* [CP] Embed Pods Frameworks */,
			);
			buildRules = (
			);
			dependencies = (
			);
			name = instagramApp;
			productName = instagramApp;
			productReference = 28E1BB0224B3D3E100BEBF84 /* instagramApp.app */;
			productType = "com.apple.product-type.application";
		};
		28E1BB1C24B3D3E200BEBF84 /* instagramAppTests */ = {
			isa = PBXNativeTarget;
			buildConfigurationList = 28E1BB3424B3D3E200BEBF84 /* Build configuration list for PBXNativeTarget "instagramAppTests" */;
			buildPhases = (
				F755618C5890F95DB5EDCAA1 /* [CP] Check Pods Manifest.lock */,
				28E1BB1924B3D3E200BEBF84 /* Sources */,
				28E1BB1A24B3D3E200BEBF84 /* Frameworks */,
				28E1BB1B24B3D3E200BEBF84 /* Resources */,
			);
			buildRules = (
			);
			dependencies = (
				28E1BB1F24B3D3E200BEBF84 /* PBXTargetDependency */,
			);
			name = instagramAppTests;
			productName = instagramAppTests;
			productReference = 28E1BB1D24B3D3E200BEBF84 /* instagramAppTests.xctest */;
			productType = "com.apple.product-type.bundle.unit-test";
		};
		28E1BB2724B3D3E200BEBF84 /* instagramAppUITests */ = {
			isa = PBXNativeTarget;
			buildConfigurationList = 28E1BB3724B3D3E200BEBF84 /* Build configuration list for PBXNativeTarget "instagramAppUITests" */;
			buildPhases = (
				46FF887705A9F680D8486B3D /* [CP] Check Pods Manifest.lock */,
				28E1BB2424B3D3E200BEBF84 /* Sources */,
				28E1BB2524B3D3E200BEBF84 /* Frameworks */,
				28E1BB2624B3D3E200BEBF84 /* Resources */,
				6C353A2B4B99FD825DF01610 /* [CP] Embed Pods Frameworks */,
			);
			buildRules = (
			);
			dependencies = (
				28E1BB2A24B3D3E200BEBF84 /* PBXTargetDependency */,
			);
			name = instagramAppUITests;
			productName = instagramAppUITests;
			productReference = 28E1BB2824B3D3E200BEBF84 /* instagramAppUITests.xctest */;
			productType = "com.apple.product-type.bundle.ui-testing";
		};
/* End PBXNativeTarget section */

/* Begin PBXProject section */
		28E1BAFA24B3D3E100BEBF84 /* Project object */ = {
			isa = PBXProject;
			attributes = {
				LastUpgradeCheck = 1150;
				ORGANIZATIONNAME = "Mariana Martinez";
				TargetAttributes = {
					28E1BB0124B3D3E100BEBF84 = {
						CreatedOnToolsVersion = 11.5;
					};
					28E1BB1C24B3D3E200BEBF84 = {
						CreatedOnToolsVersion = 11.5;
						TestTargetID = 28E1BB0124B3D3E100BEBF84;
					};
					28E1BB2724B3D3E200BEBF84 = {
						CreatedOnToolsVersion = 11.5;
						TestTargetID = 28E1BB0124B3D3E100BEBF84;
					};
				};
			};
			buildConfigurationList = 28E1BAFD24B3D3E100BEBF84 /* Build configuration list for PBXProject "instagramApp" */;
			compatibilityVersion = "Xcode 9.3";
			developmentRegion = en;
			hasScannedForEncodings = 0;
			knownRegions = (
				en,
				Base,
			);
			mainGroup = 28E1BAF924B3D3E100BEBF84;
			productRefGroup = 28E1BB0324B3D3E100BEBF84 /* Products */;
			projectDirPath = "";
			projectRoot = "";
			targets = (
				28E1BB0124B3D3E100BEBF84 /* instagramApp */,
				28E1BB1C24B3D3E200BEBF84 /* instagramAppTests */,
				28E1BB2724B3D3E200BEBF84 /* instagramAppUITests */,
			);
		};
/* End PBXProject section */

/* Begin PBXResourcesBuildPhase section */
		28E1BB0024B3D3E100BEBF84 /* Resources */ = {
			isa = PBXResourcesBuildPhase;
			buildActionMask = 2147483647;
			files = (
				28E1BB1524B3D3E200BEBF84 /* LaunchScreen.storyboard in Resources */,
				28E1BB1224B3D3E200BEBF84 /* Assets.xcassets in Resources */,
				28E1BB1024B3D3E100BEBF84 /* Main.storyboard in Resources */,
			);
			runOnlyForDeploymentPostprocessing = 0;
		};
		28E1BB1B24B3D3E200BEBF84 /* Resources */ = {
			isa = PBXResourcesBuildPhase;
			buildActionMask = 2147483647;
			files = (
			);
			runOnlyForDeploymentPostprocessing = 0;
		};
		28E1BB2624B3D3E200BEBF84 /* Resources */ = {
			isa = PBXResourcesBuildPhase;
			buildActionMask = 2147483647;
			files = (
			);
			runOnlyForDeploymentPostprocessing = 0;
		};
/* End PBXResourcesBuildPhase section */

/* Begin PBXShellScriptBuildPhase section */
		17E173227CCEE7C62EF67E21 /* [CP] Check Pods Manifest.lock */ = {
			isa = PBXShellScriptBuildPhase;
			buildActionMask = 2147483647;
			files = (
			);
			inputFileListPaths = (
			);
			inputPaths = (
				"${PODS_PODFILE_DIR_PATH}/Podfile.lock",
				"${PODS_ROOT}/Manifest.lock",
			);
			name = "[CP] Check Pods Manifest.lock";
			outputFileListPaths = (
			);
			outputPaths = (
				"$(DERIVED_FILE_DIR)/Pods-instagramApp-checkManifestLockResult.txt",
			);
			runOnlyForDeploymentPostprocessing = 0;
			shellPath = /bin/sh;
			shellScript = "diff \"${PODS_PODFILE_DIR_PATH}/Podfile.lock\" \"${PODS_ROOT}/Manifest.lock\" > /dev/null\nif [ $? != 0 ] ; then\n    # print error to STDERR\n    echo \"error: The sandbox is not in sync with the Podfile.lock. Run 'pod install' or update your CocoaPods installation.\" >&2\n    exit 1\nfi\n# This output is used by Xcode 'outputs' to avoid re-running this script phase.\necho \"SUCCESS\" > \"${SCRIPT_OUTPUT_FILE_0}\"\n";
			showEnvVarsInLog = 0;
		};
		46FF887705A9F680D8486B3D /* [CP] Check Pods Manifest.lock */ = {
			isa = PBXShellScriptBuildPhase;
			buildActionMask = 2147483647;
			files = (
			);
			inputFileListPaths = (
			);
			inputPaths = (
				"${PODS_PODFILE_DIR_PATH}/Podfile.lock",
				"${PODS_ROOT}/Manifest.lock",
			);
			name = "[CP] Check Pods Manifest.lock";
			outputFileListPaths = (
			);
			outputPaths = (
				"$(DERIVED_FILE_DIR)/Pods-instagramApp-instagramAppUITests-checkManifestLockResult.txt",
			);
			runOnlyForDeploymentPostprocessing = 0;
			shellPath = /bin/sh;
			shellScript = "diff \"${PODS_PODFILE_DIR_PATH}/Podfile.lock\" \"${PODS_ROOT}/Manifest.lock\" > /dev/null\nif [ $? != 0 ] ; then\n    # print error to STDERR\n    echo \"error: The sandbox is not in sync with the Podfile.lock. Run 'pod install' or update your CocoaPods installation.\" >&2\n    exit 1\nfi\n# This output is used by Xcode 'outputs' to avoid re-running this script phase.\necho \"SUCCESS\" > \"${SCRIPT_OUTPUT_FILE_0}\"\n";
			showEnvVarsInLog = 0;
		};
		6C353A2B4B99FD825DF01610 /* [CP] Embed Pods Frameworks */ = {
			isa = PBXShellScriptBuildPhase;
			buildActionMask = 2147483647;
			files = (
			);
			inputFileListPaths = (
				"${PODS_ROOT}/Target Support Files/Pods-instagramApp-instagramAppUITests/Pods-instagramApp-instagramAppUITests-frameworks-${CONFIGURATION}-input-files.xcfilelist",
			);
			name = "[CP] Embed Pods Frameworks";
			outputFileListPaths = (
				"${PODS_ROOT}/Target Support Files/Pods-instagramApp-instagramAppUITests/Pods-instagramApp-instagramAppUITests-frameworks-${CONFIGURATION}-output-files.xcfilelist",
			);
			runOnlyForDeploymentPostprocessing = 0;
			shellPath = /bin/sh;
			shellScript = "\"${PODS_ROOT}/Target Support Files/Pods-instagramApp-instagramAppUITests/Pods-instagramApp-instagramAppUITests-frameworks.sh\"\n";
			showEnvVarsInLog = 0;
		};
		A0B35316E598D4887EDF692B /* [CP] Embed Pods Frameworks */ = {
			isa = PBXShellScriptBuildPhase;
			buildActionMask = 2147483647;
			files = (
			);
			inputFileListPaths = (
				"${PODS_ROOT}/Target Support Files/Pods-instagramApp/Pods-instagramApp-frameworks-${CONFIGURATION}-input-files.xcfilelist",
			);
			name = "[CP] Embed Pods Frameworks";
			outputFileListPaths = (
				"${PODS_ROOT}/Target Support Files/Pods-instagramApp/Pods-instagramApp-frameworks-${CONFIGURATION}-output-files.xcfilelist",
			);
			runOnlyForDeploymentPostprocessing = 0;
			shellPath = /bin/sh;
			shellScript = "\"${PODS_ROOT}/Target Support Files/Pods-instagramApp/Pods-instagramApp-frameworks.sh\"\n";
			showEnvVarsInLog = 0;
		};
		F755618C5890F95DB5EDCAA1 /* [CP] Check Pods Manifest.lock */ = {
			isa = PBXShellScriptBuildPhase;
			buildActionMask = 2147483647;
			files = (
			);
			inputFileListPaths = (
			);
			inputPaths = (
				"${PODS_PODFILE_DIR_PATH}/Podfile.lock",
				"${PODS_ROOT}/Manifest.lock",
			);
			name = "[CP] Check Pods Manifest.lock";
			outputFileListPaths = (
			);
			outputPaths = (
				"$(DERIVED_FILE_DIR)/Pods-instagramAppTests-checkManifestLockResult.txt",
			);
			runOnlyForDeploymentPostprocessing = 0;
			shellPath = /bin/sh;
			shellScript = "diff \"${PODS_PODFILE_DIR_PATH}/Podfile.lock\" \"${PODS_ROOT}/Manifest.lock\" > /dev/null\nif [ $? != 0 ] ; then\n    # print error to STDERR\n    echo \"error: The sandbox is not in sync with the Podfile.lock. Run 'pod install' or update your CocoaPods installation.\" >&2\n    exit 1\nfi\n# This output is used by Xcode 'outputs' to avoid re-running this script phase.\necho \"SUCCESS\" > \"${SCRIPT_OUTPUT_FILE_0}\"\n";
			showEnvVarsInLog = 0;
		};
/* End PBXShellScriptBuildPhase section */

/* Begin PBXSourcesBuildPhase section */
		28E1BAFE24B3D3E100BEBF84 /* Sources */ = {
			isa = PBXSourcesBuildPhase;
			buildActionMask = 2147483647;
			files = (
				28E1BB0D24B3D3E100BEBF84 /* ViewController.m in Sources */,
				28E1BB0724B3D3E100BEBF84 /* AppDelegate.m in Sources */,
				28E1BB1824B3D3E200BEBF84 /* main.m in Sources */,
				28E1BB0A24B3D3E100BEBF84 /* SceneDelegate.m in Sources */,
				28E1BB4024B3E3B300BEBF84 /* LoginViewController.m in Sources */,
			);
			runOnlyForDeploymentPostprocessing = 0;
		};
		28E1BB1924B3D3E200BEBF84 /* Sources */ = {
			isa = PBXSourcesBuildPhase;
			buildActionMask = 2147483647;
			files = (
				28E1BB2224B3D3E200BEBF84 /* instagramAppTests.m in Sources */,
			);
			runOnlyForDeploymentPostprocessing = 0;
		};
		28E1BB2424B3D3E200BEBF84 /* Sources */ = {
			isa = PBXSourcesBuildPhase;
			buildActionMask = 2147483647;
			files = (
				28E1BB2D24B3D3E200BEBF84 /* instagramAppUITests.m in Sources */,
			);
			runOnlyForDeploymentPostprocessing = 0;
		};
/* End PBXSourcesBuildPhase section */

/* Begin PBXTargetDependency section */
		28E1BB1F24B3D3E200BEBF84 /* PBXTargetDependency */ = {
			isa = PBXTargetDependency;
			target = 28E1BB0124B3D3E100BEBF84 /* instagramApp */;
			targetProxy = 28E1BB1E24B3D3E200BEBF84 /* PBXContainerItemProxy */;
		};
		28E1BB2A24B3D3E200BEBF84 /* PBXTargetDependency */ = {
			isa = PBXTargetDependency;
			target = 28E1BB0124B3D3E100BEBF84 /* instagramApp */;
			targetProxy = 28E1BB2924B3D3E200BEBF84 /* PBXContainerItemProxy */;
		};
/* End PBXTargetDependency section */

/* Begin PBXVariantGroup section */
		28E1BB0E24B3D3E100BEBF84 /* Main.storyboard */ = {
			isa = PBXVariantGroup;
			children = (
				28E1BB0F24B3D3E100BEBF84 /* Base */,
			);
			name = Main.storyboard;
			sourceTree = "<group>";
		};
		28E1BB1324B3D3E200BEBF84 /* LaunchScreen.storyboard */ = {
			isa = PBXVariantGroup;
			children = (
				28E1BB1424B3D3E200BEBF84 /* Base */,
			);
			name = LaunchScreen.storyboard;
			sourceTree = "<group>";
		};
/* End PBXVariantGroup section */

/* Begin XCBuildConfiguration section */
		28E1BB2F24B3D3E200BEBF84 /* Debug */ = {
			isa = XCBuildConfiguration;
			buildSettings = {
				ALWAYS_SEARCH_USER_PATHS = NO;
				CLANG_ANALYZER_NONNULL = YES;
				CLANG_ANALYZER_NUMBER_OBJECT_CONVERSION = YES_AGGRESSIVE;
				CLANG_CXX_LANGUAGE_STANDARD = "gnu++14";
				CLANG_CXX_LIBRARY = "libc++";
				CLANG_ENABLE_MODULES = YES;
				CLANG_ENABLE_OBJC_ARC = YES;
				CLANG_ENABLE_OBJC_WEAK = YES;
				CLANG_WARN_BLOCK_CAPTURE_AUTORELEASING = YES;
				CLANG_WARN_BOOL_CONVERSION = YES;
				CLANG_WARN_COMMA = YES;
				CLANG_WARN_CONSTANT_CONVERSION = YES;
				CLANG_WARN_DEPRECATED_OBJC_IMPLEMENTATIONS = YES;
				CLANG_WARN_DIRECT_OBJC_ISA_USAGE = YES_ERROR;
				CLANG_WARN_DOCUMENTATION_COMMENTS = YES;
				CLANG_WARN_EMPTY_BODY = YES;
				CLANG_WARN_ENUM_CONVERSION = YES;
				CLANG_WARN_INFINITE_RECURSION = YES;
				CLANG_WARN_INT_CONVERSION = YES;
				CLANG_WARN_NON_LITERAL_NULL_CONVERSION = YES;
				CLANG_WARN_OBJC_IMPLICIT_RETAIN_SELF = YES;
				CLANG_WARN_OBJC_LITERAL_CONVERSION = YES;
				CLANG_WARN_OBJC_ROOT_CLASS = YES_ERROR;
				CLANG_WARN_RANGE_LOOP_ANALYSIS = YES;
				CLANG_WARN_STRICT_PROTOTYPES = YES;
				CLANG_WARN_SUSPICIOUS_MOVE = YES;
				CLANG_WARN_UNGUARDED_AVAILABILITY = YES_AGGRESSIVE;
				CLANG_WARN_UNREACHABLE_CODE = YES;
				CLANG_WARN__DUPLICATE_METHOD_MATCH = YES;
				COPY_PHASE_STRIP = NO;
				DEBUG_INFORMATION_FORMAT = dwarf;
				ENABLE_STRICT_OBJC_MSGSEND = YES;
				ENABLE_TESTABILITY = YES;
				GCC_C_LANGUAGE_STANDARD = gnu11;
				GCC_DYNAMIC_NO_PIC = NO;
				GCC_NO_COMMON_BLOCKS = YES;
				GCC_OPTIMIZATION_LEVEL = 0;
				GCC_PREPROCESSOR_DEFINITIONS = (
					"DEBUG=1",
					"$(inherited)",
				);
				GCC_WARN_64_TO_32_BIT_CONVERSION = YES;
				GCC_WARN_ABOUT_RETURN_TYPE = YES_ERROR;
				GCC_WARN_UNDECLARED_SELECTOR = YES;
				GCC_WARN_UNINITIALIZED_AUTOS = YES_AGGRESSIVE;
				GCC_WARN_UNUSED_FUNCTION = YES;
				GCC_WARN_UNUSED_VARIABLE = YES;
				IPHONEOS_DEPLOYMENT_TARGET = 13.5;
				MTL_ENABLE_DEBUG_INFO = INCLUDE_SOURCE;
				MTL_FAST_MATH = YES;
				ONLY_ACTIVE_ARCH = YES;
				SDKROOT = iphoneos;
			};
			name = Debug;
		};
		28E1BB3024B3D3E200BEBF84 /* Release */ = {
			isa = XCBuildConfiguration;
			buildSettings = {
				ALWAYS_SEARCH_USER_PATHS = NO;
				CLANG_ANALYZER_NONNULL = YES;
				CLANG_ANALYZER_NUMBER_OBJECT_CONVERSION = YES_AGGRESSIVE;
				CLANG_CXX_LANGUAGE_STANDARD = "gnu++14";
				CLANG_CXX_LIBRARY = "libc++";
				CLANG_ENABLE_MODULES = YES;
				CLANG_ENABLE_OBJC_ARC = YES;
				CLANG_ENABLE_OBJC_WEAK = YES;
				CLANG_WARN_BLOCK_CAPTURE_AUTORELEASING = YES;
				CLANG_WARN_BOOL_CONVERSION = YES;
				CLANG_WARN_COMMA = YES;
				CLANG_WARN_CONSTANT_CONVERSION = YES;
				CLANG_WARN_DEPRECATED_OBJC_IMPLEMENTATIONS = YES;
				CLANG_WARN_DIRECT_OBJC_ISA_USAGE = YES_ERROR;
				CLANG_WARN_DOCUMENTATION_COMMENTS = YES;
				CLANG_WARN_EMPTY_BODY = YES;
				CLANG_WARN_ENUM_CONVERSION = YES;
				CLANG_WARN_INFINITE_RECURSION = YES;
				CLANG_WARN_INT_CONVERSION = YES;
				CLANG_WARN_NON_LITERAL_NULL_CONVERSION = YES;
				CLANG_WARN_OBJC_IMPLICIT_RETAIN_SELF = YES;
				CLANG_WARN_OBJC_LITERAL_CONVERSION = YES;
				CLANG_WARN_OBJC_ROOT_CLASS = YES_ERROR;
				CLANG_WARN_RANGE_LOOP_ANALYSIS = YES;
				CLANG_WARN_STRICT_PROTOTYPES = YES;
				CLANG_WARN_SUSPICIOUS_MOVE = YES;
				CLANG_WARN_UNGUARDED_AVAILABILITY = YES_AGGRESSIVE;
				CLANG_WARN_UNREACHABLE_CODE = YES;
				CLANG_WARN__DUPLICATE_METHOD_MATCH = YES;
				COPY_PHASE_STRIP = NO;
				DEBUG_INFORMATION_FORMAT = "dwarf-with-dsym";
				ENABLE_NS_ASSERTIONS = NO;
				ENABLE_STRICT_OBJC_MSGSEND = YES;
				GCC_C_LANGUAGE_STANDARD = gnu11;
				GCC_NO_COMMON_BLOCKS = YES;
				GCC_WARN_64_TO_32_BIT_CONVERSION = YES;
				GCC_WARN_ABOUT_RETURN_TYPE = YES_ERROR;
				GCC_WARN_UNDECLARED_SELECTOR = YES;
				GCC_WARN_UNINITIALIZED_AUTOS = YES_AGGRESSIVE;
				GCC_WARN_UNUSED_FUNCTION = YES;
				GCC_WARN_UNUSED_VARIABLE = YES;
				IPHONEOS_DEPLOYMENT_TARGET = 13.5;
				MTL_ENABLE_DEBUG_INFO = NO;
				MTL_FAST_MATH = YES;
				SDKROOT = iphoneos;
				VALIDATE_PRODUCT = YES;
			};
			name = Release;
		};
		28E1BB3224B3D3E200BEBF84 /* Debug */ = {
			isa = XCBuildConfiguration;
			baseConfigurationReference = 01D6CC6BC245B27DC5EAABF8 /* Pods-instagramApp.debug.xcconfig */;
			buildSettings = {
				ASSETCATALOG_COMPILER_APPICON_NAME = AppIcon;
				CODE_SIGN_STYLE = Automatic;
				DEVELOPMENT_TEAM = 8WP7X2Z5KA;
				INFOPLIST_FILE = instagramApp/Info.plist;
				LD_RUNPATH_SEARCH_PATHS = (
					"$(inherited)",
					"@executable_path/Frameworks",
				);
				PRODUCT_BUNDLE_IDENTIFIER = com.marianamtzcelis.instagramApp;
				PRODUCT_NAME = "$(TARGET_NAME)";
				TARGETED_DEVICE_FAMILY = "1,2";
			};
			name = Debug;
		};
		28E1BB3324B3D3E200BEBF84 /* Release */ = {
			isa = XCBuildConfiguration;
			baseConfigurationReference = FC51B9D7200CAECE9509E64A /* Pods-instagramApp.release.xcconfig */;
			buildSettings = {
				ASSETCATALOG_COMPILER_APPICON_NAME = AppIcon;
				CODE_SIGN_STYLE = Automatic;
				DEVELOPMENT_TEAM = 8WP7X2Z5KA;
				INFOPLIST_FILE = instagramApp/Info.plist;
				LD_RUNPATH_SEARCH_PATHS = (
					"$(inherited)",
					"@executable_path/Frameworks",
				);
				PRODUCT_BUNDLE_IDENTIFIER = com.marianamtzcelis.instagramApp;
				PRODUCT_NAME = "$(TARGET_NAME)";
				TARGETED_DEVICE_FAMILY = "1,2";
			};
			name = Release;
		};
		28E1BB3524B3D3E200BEBF84 /* Debug */ = {
			isa = XCBuildConfiguration;
			baseConfigurationReference = 939F0BFE16D8AD2420054EF6 /* Pods-instagramAppTests.debug.xcconfig */;
			buildSettings = {
				BUNDLE_LOADER = "$(TEST_HOST)";
				CODE_SIGN_STYLE = Automatic;
				INFOPLIST_FILE = instagramAppTests/Info.plist;
				IPHONEOS_DEPLOYMENT_TARGET = 13.5;
				LD_RUNPATH_SEARCH_PATHS = (
					"$(inherited)",
					"@executable_path/Frameworks",
					"@loader_path/Frameworks",
				);
				PRODUCT_BUNDLE_IDENTIFIER = com.marianamtzcelis.instagramAppTests;
				PRODUCT_NAME = "$(TARGET_NAME)";
				TARGETED_DEVICE_FAMILY = "1,2";
				TEST_HOST = "$(BUILT_PRODUCTS_DIR)/instagramApp.app/instagramApp";
			};
			name = Debug;
		};
		28E1BB3624B3D3E200BEBF84 /* Release */ = {
			isa = XCBuildConfiguration;
			baseConfigurationReference = 263AC5FA8F79A838A8D436E8 /* Pods-instagramAppTests.release.xcconfig */;
			buildSettings = {
				BUNDLE_LOADER = "$(TEST_HOST)";
				CODE_SIGN_STYLE = Automatic;
				INFOPLIST_FILE = instagramAppTests/Info.plist;
				IPHONEOS_DEPLOYMENT_TARGET = 13.5;
				LD_RUNPATH_SEARCH_PATHS = (
					"$(inherited)",
					"@executable_path/Frameworks",
					"@loader_path/Frameworks",
				);
				PRODUCT_BUNDLE_IDENTIFIER = com.marianamtzcelis.instagramAppTests;
				PRODUCT_NAME = "$(TARGET_NAME)";
				TARGETED_DEVICE_FAMILY = "1,2";
				TEST_HOST = "$(BUILT_PRODUCTS_DIR)/instagramApp.app/instagramApp";
			};
			name = Release;
		};
		28E1BB3824B3D3E200BEBF84 /* Debug */ = {
			isa = XCBuildConfiguration;
			baseConfigurationReference = DBB68E89AB54586E9C675D1C /* Pods-instagramApp-instagramAppUITests.debug.xcconfig */;
			buildSettings = {
				CODE_SIGN_STYLE = Automatic;
				INFOPLIST_FILE = instagramAppUITests/Info.plist;
				LD_RUNPATH_SEARCH_PATHS = (
					"$(inherited)",
					"@executable_path/Frameworks",
					"@loader_path/Frameworks",
				);
				PRODUCT_BUNDLE_IDENTIFIER = com.marianamtzcelis.instagramAppUITests;
				PRODUCT_NAME = "$(TARGET_NAME)";
				TARGETED_DEVICE_FAMILY = "1,2";
				TEST_TARGET_NAME = instagramApp;
			};
			name = Debug;
		};
		28E1BB3924B3D3E200BEBF84 /* Release */ = {
			isa = XCBuildConfiguration;
			baseConfigurationReference = 614D22033F9E997A6C2F861B /* Pods-instagramApp-instagramAppUITests.release.xcconfig */;
			buildSettings = {
				CODE_SIGN_STYLE = Automatic;
				INFOPLIST_FILE = instagramAppUITests/Info.plist;
				LD_RUNPATH_SEARCH_PATHS = (
					"$(inherited)",
					"@executable_path/Frameworks",
					"@loader_path/Frameworks",
				);
				PRODUCT_BUNDLE_IDENTIFIER = com.marianamtzcelis.instagramAppUITests;
				PRODUCT_NAME = "$(TARGET_NAME)";
				TARGETED_DEVICE_FAMILY = "1,2";
				TEST_TARGET_NAME = instagramApp;
			};
			name = Release;
		};
/* End XCBuildConfiguration section */

/* Begin XCConfigurationList section */
		28E1BAFD24B3D3E100BEBF84 /* Build configuration list for PBXProject "instagramApp" */ = {
			isa = XCConfigurationList;
			buildConfigurations = (
				28E1BB2F24B3D3E200BEBF84 /* Debug */,
				28E1BB3024B3D3E200BEBF84 /* Release */,
			);
			defaultConfigurationIsVisible = 0;
			defaultConfigurationName = Release;
		};
		28E1BB3124B3D3E200BEBF84 /* Build configuration list for PBXNativeTarget "instagramApp" */ = {
			isa = XCConfigurationList;
			buildConfigurations = (
				28E1BB3224B3D3E200BEBF84 /* Debug */,
				28E1BB3324B3D3E200BEBF84 /* Release */,
			);
			defaultConfigurationIsVisible = 0;
			defaultConfigurationName = Release;
		};
		28E1BB3424B3D3E200BEBF84 /* Build configuration list for PBXNativeTarget "instagramAppTests" */ = {
			isa = XCConfigurationList;
			buildConfigurations = (
				28E1BB3524B3D3E200BEBF84 /* Debug */,
				28E1BB3624B3D3E200BEBF84 /* Release */,
			);
			defaultConfigurationIsVisible = 0;
			defaultConfigurationName = Release;
		};
		28E1BB3724B3D3E200BEBF84 /* Build configuration list for PBXNativeTarget "instagramAppUITests" */ = {
			isa = XCConfigurationList;
			buildConfigurations = (
				28E1BB3824B3D3E200BEBF84 /* Debug */,
				28E1BB3924B3D3E200BEBF84 /* Release */,
			);
			defaultConfigurationIsVisible = 0;
			defaultConfigurationName = Release;
		};
/* End XCConfigurationList section */
	};
	rootObject = 28E1BAFA24B3D3E100BEBF84 /* Project object */;
}
